{
  "name": "jkueh-bmvs-finder",
  "version": "1.0.0",
  "lockfileVersion": 2,
  "requires": true,
  "packages": {
    "": {
      "name": "jkueh-bmvs-finder",
      "version": "1.0.0",
      "license": "ISC",
      "dependencies": {
        "simple-discord-webhooks": "^1.1.1"
      }
    },
    "node_modules/@aero/centra": {
      "version": "1.0.8",
      "resolved": "https://registry.npmjs.org/@aero/centra/-/centra-1.0.8.tgz",
      "integrity": "sha512-ku3GzR89TCFAzBqK6j41SRAUPZHYrZO57ZzuQnmanlED509sIWt362rz+Msoytq0s9V0j0TqqZCoaK/fszb07g=="
    },
    "node_modules/simple-discord-webhooks": {
      "version": "1.1.1",
      "resolved": "https://registry.npmjs.org/simple-discord-webhooks/-/simple-discord-webhooks-1.1.1.tgz",
      "integrity": "sha512-oD+IoJ2YddN2dvvnSPV95gXo+yqhtsMsp5VpqOgPB6+xum5GHVWi69P5LtndUvJWB/miBTNhtK7kQ2UNX6/0yA==",
      "funding": [
        "https://github.com/scderox/simple-discord-webhooks?sponsor=1",
        "https://paypal.me/therealscderox",
        "https://bunq.me/scderox",
        {
          "type": "patreon",
          "url": "https://www.patreon.com/scnetwork"
        }
      ],
      "dependencies": {
        "@aero/centra": "^1.0.6"
      }
    }
  },
  "dependencies": {
    "@aero/centra": {
      "version": "1.0.8",
      "resolved": "https://registry.npmjs.org/@aero/centra/-/centra-1.0.8.tgz",
      "integrity": "sha512-ku3GzR89TCFAzBqK6j41SRAUPZHYrZO57ZzuQnmanlED509sIWt362rz+Msoytq0s9V0j0TqqZCoaK/fszb07g=="
    },
    "simple-discord-webhooks": {
      "version": "1.1.1",
      "resolved": "https://registry.npmjs.org/simple-discord-webhooks/-/simple-discord-webhooks-1.1.1.tgz",
      "integrity": "sha512-oD+IoJ2YddN2dvvnSPV95gXo+yqhtsMsp5VpqOgPB6+xum5GHVWi69P5LtndUvJWB/miBTNhtK7kQ2UNX6/0yA==",
      "requires": {
        "@aero/centra": "^1.0.6"
      }
    }
  }
}
